# @generated by Move, please check-in and do not edit manually.

[move]
version = 3
manifest_digest = "3FB1242ED97BE3334B6B9FE7BF77C4D1FE4A1E3F91481B6AD2416C2A63EB4497"
deps_digest = "3C4103934B1E040BB6B23F1D610B4EF9F2F1166A50A104EADCF77467C004C600"
dependencies = [
  { id = "Sui", name = "Sui" },
  { id = "SuiSystem", name = "SuiSystem" },
]

[[move.package]]
id = "MoveStdlib"
source = { git = "https://github.com/MystenLabs/sui.git", rev = "devnet", subdir = "crates\\sui-framework\\packages\\move-stdlib" }

[[move.package]]
id = "Sui"
source = { git = "https://github.com/MystenLabs/sui.git", rev = "devnet", subdir = "crates\\sui-framework\\packages\\sui-framework" }

dependencies = [
  { id = "MoveStdlib", name = "MoveStdlib" },
]

[[move.package]]
id = "SuiSystem"
source = { git = "https://github.com/MystenLabs/sui.git", rev = "devnet", subdir = "crates/sui-framework/packages/sui-system" }

dependencies = [
  { id = "MoveStdlib", name = "MoveStdlib" },
  { id = "Sui", name = "Sui" },
]

[move.toolchain-version]
compiler-version = "1.40.2"
edition = "2024.beta"
flavor = "sui"

[env]

[env.devnet]
chain-id = "981495f3"
original-published-id = "0x4888170aebf8fecb58eb78a816900c4588ec94d07f6a8927a1775ebd187b4503"
latest-published-id = "0x4888170aebf8fecb58eb78a816900c4588ec94d07f6a8927a1775ebd187b4503"
published-version = "1"
